
Microsoft Visual Studio Solution File, Format Version 12.00
# Visual Studio Version 16
VisualStudioVersion = 16.0.30413.136
MinimumVisualStudioVersion = 10.0.40219.1
Project("{FAE04EC0-301F-11D3-BF4B-00C04F79EFBC}") = "ZwiftSelector", "ZwiftSelector.csproj", "{503359B1-A997-4D3B-89A2-860F44CBF173}"
EndProject
Global
	GlobalSection(SolutionConfigurationPlatforms) = preSolution
		Debug|Any CPU = Debug|Any CPU
		Release|Any CPU = Release|Any CPU
	EndGlobalSection
	GlobalSection(ProjectConfigurationPlatforms) = postSolution
		{503359B1-A997-4D3B-89A2-860F44CBF173}.Debug|Any CPU.ActiveCfg = Debug|Any CPU
		{503359B1-A997-4D3B-89A2-860F44CBF173}.Debug|Any CPU.Build.0 = Debug|Any CPU
		{503359B1-A997-4D3B-89A2-860F44CBF173}.Release|Any CPU.ActiveCfg = Release|Any CPU
		{503359B1-A997-4D3B-89A2-860F44CBF173}.Release|Any CPU.Build.0 = Release|Any CPU
	EndGlobalSection
	GlobalSection(SolutionProperties) = preSolution
		HideSolutionNode = FALSE
	EndGlobalSection
	GlobalSection(ExtensibilityGlobals) = postSolution
		SolutionGuid = {81024B20-F5D4-4DF8-B038-3275AAA1BF0B}
	EndGlobalSection
EndGlobal
